
Microsoft Visual Studio Solution File, Format Version 12.00
# Visual Studio Version 16
VisualStudioVersion = 16.0.30114.128
MinimumVisualStudioVersion = 10.0.40219.1
Project("{9A19103F-16F7-4668-BE54-9A1E7A4F7556}") = "Rocky.Application", "Rocky.Application\Rocky.Application.csproj", "{6C815AB7-4C16-4A10-B467-BD3FC6826FFF}"
EndProject
Project("{9A19103F-16F7-4668-BE54-9A1E7A4F7556}") = "Rocky.Infra.Data", "Rocky.Infra.Data\Rocky.Infra.Data.csproj", "{13BD52B8-40C5-4863-9AB8-A7A7CA11A57A}"
EndProject
Project("{9A19103F-16F7-4668-BE54-9A1E7A4F7556}") = "Rocky.Infra.IoC", "Rocky.Infra.IoC\Rocky.Infra.IoC.csproj", "{7C3C0297-6F0E-4CB6-A474-95C3DCD92020}"
EndProject
Project("{9A19103F-16F7-4668-BE54-9A1E7A4F7556}") = "Rocky", "Rocky\Rocky.csproj", "{5B25AAFC-A197-41F7-83DA-2D9A57C7148C}"
EndProject
Project("{9A19103F-16F7-4668-BE54-9A1E7A4F7556}") = "Rocky.Domain", "Rocky.Domain\Rocky.Domain.csproj", "{E9E8046D-AE57-410C-9927-263909C00588}"
EndProject
Global
	GlobalSection(SolutionConfigurationPlatforms) = preSolution
		Debug|Any CPU = Debug|Any CPU
		Release|Any CPU = Release|Any CPU
	EndGlobalSection
	GlobalSection(ProjectConfigurationPlatforms) = postSolution
		{6C815AB7-4C16-4A10-B467-BD3FC6826FFF}.Debug|Any CPU.ActiveCfg = Debug|Any CPU
		{6C815AB7-4C16-4A10-B467-BD3FC6826FFF}.Debug|Any CPU.Build.0 = Debug|Any CPU
		{6C815AB7-4C16-4A10-B467-BD3FC6826FFF}.Release|Any CPU.ActiveCfg = Release|Any CPU
		{6C815AB7-4C16-4A10-B467-BD3FC6826FFF}.Release|Any CPU.Build.0 = Release|Any CPU
		{13BD52B8-40C5-4863-9AB8-A7A7CA11A57A}.Debug|Any CPU.ActiveCfg = Debug|Any CPU
		{13BD52B8-40C5-4863-9AB8-A7A7CA11A57A}.Debug|Any CPU.Build.0 = Debug|Any CPU
		{13BD52B8-40C5-4863-9AB8-A7A7CA11A57A}.Release|Any CPU.ActiveCfg = Release|Any CPU
		{13BD52B8-40C5-4863-9AB8-A7A7CA11A57A}.Release|Any CPU.Build.0 = Release|Any CPU
		{7C3C0297-6F0E-4CB6-A474-95C3DCD92020}.Debug|Any CPU.ActiveCfg = Debug|Any CPU
		{7C3C0297-6F0E-4CB6-A474-95C3DCD92020}.Debug|Any CPU.Build.0 = Debug|Any CPU
		{7C3C0297-6F0E-4CB6-A474-95C3DCD92020}.Release|Any CPU.ActiveCfg = Release|Any CPU
		{7C3C0297-6F0E-4CB6-A474-95C3DCD92020}.Release|Any CPU.Build.0 = Release|Any CPU
		{5B25AAFC-A197-41F7-83DA-2D9A57C7148C}.Debug|Any CPU.ActiveCfg = Debug|Any CPU
		{5B25AAFC-A197-41F7-83DA-2D9A57C7148C}.Debug|Any CPU.Build.0 = Debug|Any CPU
		{5B25AAFC-A197-41F7-83DA-2D9A57C7148C}.Release|Any CPU.ActiveCfg = Release|Any CPU
		{5B25AAFC-A197-41F7-83DA-2D9A57C7148C}.Release|Any CPU.Build.0 = Release|Any CPU
		{E9E8046D-AE57-410C-9927-263909C00588}.Debug|Any CPU.ActiveCfg = Debug|Any CPU
		{E9E8046D-AE57-410C-9927-263909C00588}.Debug|Any CPU.Build.0 = Debug|Any CPU
		{E9E8046D-AE57-410C-9927-263909C00588}.Release|Any CPU.ActiveCfg = Release|Any CPU
		{E9E8046D-AE57-410C-9927-263909C00588}.Release|Any CPU.Build.0 = Release|Any CPU
	EndGlobalSection
	GlobalSection(SolutionProperties) = preSolution
		HideSolutionNode = FALSE
	EndGlobalSection
	GlobalSection(ExtensibilityGlobals) = postSolution
		SolutionGuid = {62CA0AA8-9E8C-413E-A33B-2E797F92D678}
	EndGlobalSection
EndGlobal
