
Microsoft Visual Studio Solution File, Format Version 12.00
# Visual Studio Version 16
VisualStudioVersion = 16.0.30114.128
MinimumVisualStudioVersion = 10.0.40219.1
Project("{9A19103F-16F7-4668-BE54-9A1E7A4F7556}") = "Rocky", "Rocky\Rocky.csproj", "{E95442B6-FA46-449D-9709-CEF75570001A}"
EndProject
Project("{2150E333-8FDC-42A3-9474-1A3956D46DE8}") = "Solution Items", "Solution Items", "{C4D8252D-896E-45D5-9E2F-053E2FCAEEBB}"
	ProjectSection(SolutionItems) = preProject
		.editorconfig = .editorconfig
	EndProjectSection
EndProject
Global
	GlobalSection(SolutionConfigurationPlatforms) = preSolution
		Debug|Any CPU = Debug|Any CPU
		Release|Any CPU = Release|Any CPU
	EndGlobalSection
	GlobalSection(ProjectConfigurationPlatforms) = postSolution
		{E95442B6-FA46-449D-9709-CEF75570001A}.Debug|Any CPU.ActiveCfg = Debug|Any CPU
		{E95442B6-FA46-449D-9709-CEF75570001A}.Debug|Any CPU.Build.0 = Debug|Any CPU
		{E95442B6-FA46-449D-9709-CEF75570001A}.Release|Any CPU.ActiveCfg = Release|Any CPU
		{E95442B6-FA46-449D-9709-CEF75570001A}.Release|Any CPU.Build.0 = Release|Any CPU
	EndGlobalSection
	GlobalSection(SolutionProperties) = preSolution
		HideSolutionNode = FALSE
	EndGlobalSection
	GlobalSection(ExtensibilityGlobals) = postSolution
		SolutionGuid = {62CA0AA8-9E8C-413E-A33B-2E797F92D678}
	EndGlobalSection
EndGlobal
